// !$*UTF8*$!
{
	archiveVersion = 1;
	classes = {
	};
	objectVersion = 46;
	objects = {

/* Begin PBXBuildFile section */
		532560A219574503008B95F3 /* Foundation.framework in Frameworks */ = {isa = PBXBuildFile; fileRef = 532560A119574503008B95F3 /* Foundation.framework */; };
		532560A419574503008B95F3 /* CoreGraphics.framework in Frameworks */ = {isa = PBXBuildFile; fileRef = 532560A319574503008B95F3 /* CoreGraphics.framework */; };
		532560A619574503008B95F3 /* UIKit.framework in Frameworks */ = {isa = PBXBuildFile; fileRef = 532560A519574503008B95F3 /* UIKit.framework */; };
		532560D219574590008B95F3 /* CottonObject.m in Sources */ = {isa = PBXBuildFile; fileRef = 532560D019574590008B95F3 /* CottonObject.m */; };
		532560D61958D98A008B95F3 /* SampleObject.m in Sources */ = {isa = PBXBuildFile; fileRef = 532560D51958D98A008B95F3 /* SampleObject.m */; };
		532560D91958DA8E008B95F3 /* SampleObject.plist in Resources */ = {isa = PBXBuildFile; fileRef = 532560D81958DA8E008B95F3 /* SampleObject.plist */; };
		53A95639196291A700685A56 /* AppDelegate.m in Sources */ = {isa = PBXBuildFile; fileRef = 53A95632196291A700685A56 /* AppDelegate.m */; };
		53A9563C196291A700685A56 /* Images.xcassets in Resources */ = {isa = PBXBuildFile; fileRef = 53A95637196291A700685A56 /* Images.xcassets */; };
		53A9563D196291A700685A56 /* main.m in Sources */ = {isa = PBXBuildFile; fileRef = 53A95638196291A700685A56 /* main.m */; };
		53F541C319590C6000060F3A /* README.md in Resources */ = {isa = PBXBuildFile; fileRef = 53F541C219590C6000060F3A /* README.md */; };
		53F541C519590C6B00060F3A /* LICENSE in Resources */ = {isa = PBXBuildFile; fileRef = 53F541C419590C6B00060F3A /* LICENSE */; };
/* End PBXBuildFile section */

/* Begin PBXFileReference section */
		5325609E19574503008B95F3 /* CottonObject.app */ = {isa = PBXFileReference; explicitFileType = wrapper.application; includeInIndex = 0; path = CottonObject.app; sourceTree = BUILT_PRODUCTS_DIR; };
		532560A119574503008B95F3 /* Foundation.framework */ = {isa = PBXFileReference; lastKnownFileType = wrapper.framework; name = Foundation.framework; path = System/Library/Frameworks/Foundation.framework; sourceTree = SDKROOT; };
		532560A319574503008B95F3 /* CoreGraphics.framework */ = {isa = PBXFileReference; lastKnownFileType = wrapper.framework; name = CoreGraphics.framework; path = System/Library/Frameworks/CoreGraphics.framework; sourceTree = SDKROOT; };
		532560A519574503008B95F3 /* UIKit.framework */ = {isa = PBXFileReference; lastKnownFileType = wrapper.framework; name = UIKit.framework; path = System/Library/Frameworks/UIKit.framework; sourceTree = SDKROOT; };
		532560BA19574504008B95F3 /* XCTest.framework */ = {isa = PBXFileReference; lastKnownFileType = wrapper.framework; name = XCTest.framework; path = Library/Frameworks/XCTest.framework; sourceTree = DEVELOPER_DIR; };
		532560D019574590008B95F3 /* CottonObject.m */ = {isa = PBXFileReference; fileEncoding = 4; lastKnownFileType = sourcecode.c.objc; path = CottonObject.m; sourceTree = "<group>"; };
		532560D119574590008B95F3 /* CottonObject.h */ = {isa = PBXFileReference; fileEncoding = 4; lastKnownFileType = sourcecode.c.h; path = CottonObject.h; sourceTree = "<group>"; };
		532560D41958D98A008B95F3 /* SampleObject.h */ = {isa = PBXFileReference; fileEncoding = 4; lastKnownFileType = sourcecode.c.h; path = SampleObject.h; sourceTree = "<group>"; };
		532560D51958D98A008B95F3 /* SampleObject.m */ = {isa = PBXFileReference; fileEncoding = 4; lastKnownFileType = sourcecode.c.objc; path = SampleObject.m; sourceTree = "<group>"; };
		532560D81958DA8E008B95F3 /* SampleObject.plist */ = {isa = PBXFileReference; fileEncoding = 4; lastKnownFileType = text.plist.xml; path = SampleObject.plist; sourceTree = "<group>"; };
		53A95631196291A700685A56 /* AppDelegate.h */ = {isa = PBXFileReference; fileEncoding = 4; lastKnownFileType = sourcecode.c.h; path = AppDelegate.h; sourceTree = "<group>"; };
		53A95632196291A700685A56 /* AppDelegate.m */ = {isa = PBXFileReference; fileEncoding = 4; lastKnownFileType = sourcecode.c.objc; path = AppDelegate.m; sourceTree = "<group>"; };
		53A95633196291A700685A56 /* CottonObject-Info.plist */ = {isa = PBXFileReference; fileEncoding = 4; lastKnownFileType = text.plist.xml; path = "CottonObject-Info.plist"; sourceTree = "<group>"; };
		53A95634196291A700685A56 /* CottonObject-Prefix.pch */ = {isa = PBXFileReference; fileEncoding = 4; lastKnownFileType = sourcecode.c.h; path = "CottonObject-Prefix.pch"; sourceTree = "<group>"; };
		53A95636196291A700685A56 /* en */ = {isa = PBXFileReference; lastKnownFileType = text.plist.strings; name = en; path = en.lproj/InfoPlist.strings; sourceTree = "<group>"; };
		53A95637196291A700685A56 /* Images.xcassets */ = {isa = PBXFileReference; lastKnownFileType = folder.assetcatalog; path = Images.xcassets; sourceTree = "<group>"; };
		53A95638196291A700685A56 /* main.m */ = {isa = PBXFileReference; fileEncoding = 4; lastKnownFileType = sourcecode.c.objc; path = main.m; sourceTree = "<group>"; };
		53F541C219590C6000060F3A /* README.md */ = {isa = PBXFileReference; fileEncoding = 4; lastKnownFileType = text; path = README.md; sourceTree = "<group>"; };
		53F541C419590C6B00060F3A /* LICENSE */ = {isa = PBXFileReference; fileEncoding = 4; lastKnownFileType = text; path = LICENSE; sourceTree = "<group>"; };
/* End PBXFileReference section */

/* Begin PBXFrameworksBuildPhase section */
		5325609B19574503008B95F3 /* Frameworks */ = {
			isa = PBXFrameworksBuildPhase;
			buildActionMask = 2147483647;
			files = (
				532560A419574503008B95F3 /* CoreGraphics.framework in Frameworks */,
				532560A619574503008B95F3 /* UIKit.framework in Frameworks */,
				532560A219574503008B95F3 /* Foundation.framework in Frameworks */,
			);
			runOnlyForDeploymentPostprocessing = 0;
		};
/* End PBXFrameworksBuildPhase section */

/* Begin PBXGroup section */
		5325609519574503008B95F3 = {
			isa = PBXGroup;
			children = (
				532560D119574590008B95F3 /* CottonObject.h */,
				532560D019574590008B95F3 /* CottonObject.m */,
				53F541C419590C6B00060F3A /* LICENSE */,
				53F541C219590C6000060F3A /* README.md */,
				532560D41958D98A008B95F3 /* SampleObject.h */,
				532560D51958D98A008B95F3 /* SampleObject.m */,
				532560D81958DA8E008B95F3 /* SampleObject.plist */,
				53A95630196291A700685A56 /* CottonObject */,
				532560A019574503008B95F3 /* Frameworks */,
				5325609F19574503008B95F3 /* Products */,
			);
			sourceTree = "<group>";
		};
		5325609F19574503008B95F3 /* Products */ = {
			isa = PBXGroup;
			children = (
				5325609E19574503008B95F3 /* CottonObject.app */,
			);
			name = Products;
			sourceTree = "<group>";
		};
		532560A019574503008B95F3 /* Frameworks */ = {
			isa = PBXGroup;
			children = (
				532560A119574503008B95F3 /* Foundation.framework */,
				532560A319574503008B95F3 /* CoreGraphics.framework */,
				532560A519574503008B95F3 /* UIKit.framework */,
				532560BA19574504008B95F3 /* XCTest.framework */,
			);
			name = Frameworks;
			sourceTree = "<group>";
		};
		53A95630196291A700685A56 /* CottonObject */ = {
			isa = PBXGroup;
			children = (
				53A95631196291A700685A56 /* AppDelegate.h */,
				53A95632196291A700685A56 /* AppDelegate.m */,
				53A95633196291A700685A56 /* CottonObject-Info.plist */,
				53A95634196291A700685A56 /* CottonObject-Prefix.pch */,
				53A95635196291A700685A56 /* InfoPlist.strings */,
				53A95637196291A700685A56 /* Images.xcassets */,
				53A95638196291A700685A56 /* main.m */,
			);
			path = CottonObject;
			sourceTree = "<group>";
		};
/* End PBXGroup section */

/* Begin PBXNativeTarget section */
		5325609D19574503008B95F3 /* CottonObject */ = {
			isa = PBXNativeTarget;
			buildConfigurationList = 532560CA19574504008B95F3 /* Build configuration list for PBXNativeTarget "CottonObject" */;
			buildPhases = (
				5325609A19574503008B95F3 /* Sources */,
				5325609B19574503008B95F3 /* Frameworks */,
				5325609C19574503008B95F3 /* Resources */,
			);
			buildRules = (
			);
			dependencies = (
			);
			name = CottonObject;
			productName = HTObject;
			productReference = 5325609E19574503008B95F3 /* CottonObject.app */;
			productType = "com.apple.product-type.application";
		};
/* End PBXNativeTarget section */

/* Begin PBXProject section */
		5325609619574503008B95F3 /* Project object */ = {
			isa = PBXProject;
			attributes = {
				CLASSPREFIX = HT;
				LastUpgradeCheck = 0510;
				ORGANIZATIONNAME = "Hermiteer, LLC";
			};
			buildConfigurationList = 5325609919574503008B95F3 /* Build configuration list for PBXProject "CottonObject" */;
			compatibilityVersion = "Xcode 3.2";
			developmentRegion = English;
			hasScannedForEncodings = 0;
			knownRegions = (
				en,
			);
			mainGroup = 5325609519574503008B95F3;
			productRefGroup = 5325609F19574503008B95F3 /* Products */;
			projectDirPath = "";
			projectRoot = "";
			targets = (
				5325609D19574503008B95F3 /* CottonObject */,
			);
		};
/* End PBXProject section */

/* Begin PBXResourcesBuildPhase section */
		5325609C19574503008B95F3 /* Resources */ = {
			isa = PBXResourcesBuildPhase;
			buildActionMask = 2147483647;
			files = (
				532560D91958DA8E008B95F3 /* SampleObject.plist in Resources */,
				53F541C319590C6000060F3A /* README.md in Resources */,
				53A9563C196291A700685A56 /* Images.xcassets in Resources */,
				53F541C519590C6B00060F3A /* LICENSE in Resources */,
			);
			runOnlyForDeploymentPostprocessing = 0;
		};
/* End PBXResourcesBuildPhase section */

/* Begin PBXSourcesBuildPhase section */
		5325609A19574503008B95F3 /* Sources */ = {
			isa = PBXSourcesBuildPhase;
			buildActionMask = 2147483647;
			files = (
				532560D219574590008B95F3 /* CottonObject.m in Sources */,
				532560D61958D98A008B95F3 /* SampleObject.m in Sources */,
				53A9563D196291A700685A56 /* main.m in Sources */,
				53A95639196291A700685A56 /* AppDelegate.m in Sources */,
			);
			runOnlyForDeploymentPostprocessing = 0;
		};
/* End PBXSourcesBuildPhase section */

/* Begin PBXVariantGroup section */
		53A95635196291A700685A56 /* InfoPlist.strings */ = {
			isa = PBXVariantGroup;
			children = (
				53A95636196291A700685A56 /* en */,
			);
			name = InfoPlist.strings;
			sourceTree = "<group>";
		};
/* End PBXVariantGroup section */

/* Begin XCBuildConfiguration section */
		532560C819574504008B95F3 /* Debug */ = {
			isa = XCBuildConfiguration;
			buildSettings = {
				ALWAYS_SEARCH_USER_PATHS = NO;
				CLANG_CXX_LANGUAGE_STANDARD = "gnu++0x";
				CLANG_CXX_LIBRARY = "libc++";
				CLANG_ENABLE_MODULES = YES;
				CLANG_ENABLE_OBJC_ARC = YES;
				CLANG_WARN_BOOL_CONVERSION = YES;
				CLANG_WARN_CONSTANT_CONVERSION = YES;
				CLANG_WARN_DIRECT_OBJC_ISA_USAGE = YES_ERROR;
				CLANG_WARN_EMPTY_BODY = YES;
				CLANG_WARN_ENUM_CONVERSION = YES;
				CLANG_WARN_INT_CONVERSION = YES;
				CLANG_WARN_OBJC_ROOT_CLASS = YES_ERROR;
				CLANG_WARN__DUPLICATE_METHOD_MATCH = YES;
				"CODE_SIGN_IDENTITY[sdk=iphoneos*]" = "iPhone Developer";
				COPY_PHASE_STRIP = NO;
				GCC_C_LANGUAGE_STANDARD = gnu99;
				GCC_DYNAMIC_NO_PIC = NO;
				GCC_OPTIMIZATION_LEVEL = 0;
				GCC_PREPROCESSOR_DEFINITIONS = (
					"DEBUG=1",
					"$(inherited)",
				);
				GCC_SYMBOLS_PRIVATE_EXTERN = NO;
				GCC_WARN_64_TO_32_BIT_CONVERSION = YES;
				GCC_WARN_ABOUT_RETURN_TYPE = YES_ERROR;
				GCC_WARN_UNDECLARED_SELECTOR = YES;
				GCC_WARN_UNINITIALIZED_AUTOS = YES_AGGRESSIVE;
				GCC_WARN_UNUSED_FUNCTION = YES;
				GCC_WARN_UNUSED_VARIABLE = YES;
				IPHONEOS_DEPLOYMENT_TARGET = 7.1;
				ONLY_ACTIVE_ARCH = YES;
				SDKROOT = iphoneos;
			};
			name = Debug;
		};
		532560C919574504008B95F3 /* Release */ = {
			isa = XCBuildConfiguration;
			buildSettings = {
				ALWAYS_SEARCH_USER_PATHS = NO;
				CLANG_CXX_LANGUAGE_STANDARD = "gnu++0x";
				CLANG_CXX_LIBRARY = "libc++";
				CLANG_ENABLE_MODULES = YES;
				CLANG_ENABLE_OBJC_ARC = YES;
				CLANG_WARN_BOOL_CONVERSION = YES;
				CLANG_WARN_CONSTANT_CONVERSION = YES;
				CLANG_WARN_DIRECT_OBJC_ISA_USAGE = YES_ERROR;
				CLANG_WARN_EMPTY_BODY = YES;
				CLANG_WARN_ENUM_CONVERSION = YES;
				CLANG_WARN_INT_CONVERSION = YES;
				CLANG_WARN_OBJC_ROOT_CLASS = YES_ERROR;
				CLANG_WARN__DUPLICATE_METHOD_MATCH = YES;
				"CODE_SIGN_IDENTITY[sdk=iphoneos*]" = "iPhone Developer";
				COPY_PHASE_STRIP = YES;
				ENABLE_NS_ASSERTIONS = NO;
				GCC_C_LANGUAGE_STANDARD = gnu99;
				GCC_WARN_64_TO_32_BIT_CONVERSION = YES;
				GCC_WARN_ABOUT_RETURN_TYPE = YES_ERROR;
				GCC_WARN_UNDECLARED_SELECTOR = YES;
				GCC_WARN_UNINITIALIZED_AUTOS = YES_AGGRESSIVE;
				GCC_WARN_UNUSED_FUNCTION = YES;
				GCC_WARN_UNUSED_VARIABLE = YES;
				IPHONEOS_DEPLOYMENT_TARGET = 7.1;
				SDKROOT = iphoneos;
				VALIDATE_PRODUCT = YES;
			};
			name = Release;
		};
		532560CB19574504008B95F3 /* Debug */ = {
			isa = XCBuildConfiguration;
			buildSettings = {
				ASSETCATALOG_COMPILER_APPICON_NAME = AppIcon;
				ASSETCATALOG_COMPILER_LAUNCHIMAGE_NAME = LaunchImage;
				GCC_PRECOMPILE_PREFIX_HEADER = YES;
				GCC_PREFIX_HEADER = "CottonObject/CottonObject-Prefix.pch";
				INFOPLIST_FILE = "CottonObject/CottonObject-Info.plist";
				PRODUCT_NAME = CottonObject;
				WRAPPER_EXTENSION = app;
			};
			name = Debug;
		};
		532560CC19574504008B95F3 /* Release */ = {
			isa = XCBuildConfiguration;
			buildSettings = {
				ASSETCATALOG_COMPILER_APPICON_NAME = AppIcon;
				ASSETCATALOG_COMPILER_LAUNCHIMAGE_NAME = LaunchImage;
				GCC_PRECOMPILE_PREFIX_HEADER = YES;
				GCC_PREFIX_HEADER = "CottonObject/CottonObject-Prefix.pch";
				INFOPLIST_FILE = "CottonObject/CottonObject-Info.plist";
				PRODUCT_NAME = CottonObject;
				WRAPPER_EXTENSION = app;
			};
			name = Release;
		};
/* End XCBuildConfiguration section */

/* Begin XCConfigurationList section */
		5325609919574503008B95F3 /* Build configuration list for PBXProject "CottonObject" */ = {
			isa = XCConfigurationList;
			buildConfigurations = (
				532560C819574504008B95F3 /* Debug */,
				532560C919574504008B95F3 /* Release */,
			);
			defaultConfigurationIsVisible = 0;
			defaultConfigurationName = Release;
		};
		532560CA19574504008B95F3 /* Build configuration list for PBXNativeTarget "CottonObject" */ = {
			isa = XCConfigurationList;
			buildConfigurations = (
				532560CB19574504008B95F3 /* Debug */,
				532560CC19574504008B95F3 /* Release */,
			);
			defaultConfigurationIsVisible = 0;
			defaultConfigurationName = Release;
		};
/* End XCConfigurationList section */
	};
	rootObject = 5325609619574503008B95F3 /* Project object */;
}
